// !$*UTF8*$!
{
	archiveVersion = 1;
	classes = {
	};
	objectVersion = 46;
	objects = {

/* Begin PBXBuildFile section */
		80E45B1C1E424D49003235B9 /* AppDelegate.swift in Sources */ = {isa = PBXBuildFile; fileRef = 80E45B1B1E424D49003235B9 /* AppDelegate.swift */; };
		80E45B1E1E424D49003235B9 /* ViewController.swift in Sources */ = {isa = PBXBuildFile; fileRef = 80E45B1D1E424D49003235B9 /* ViewController.swift */; };
		80E45B211E424D49003235B9 /* Main.storyboard in Resources */ = {isa = PBXBuildFile; fileRef = 80E45B1F1E424D49003235B9 /* Main.storyboard */; };
		80E45B241E424D49003235B9 /* WebApiPractices.xcdatamodeld in Sources */ = {isa = PBXBuildFile; fileRef = 80E45B221E424D49003235B9 /* WebApiPractices.xcdatamodeld */; };
		80E45B261E424D49003235B9 /* Assets.xcassets in Resources */ = {isa = PBXBuildFile; fileRef = 80E45B251E424D49003235B9 /* Assets.xcassets */; };
		80E45B291E424D49003235B9 /* LaunchScreen.storyboard in Resources */ = {isa = PBXBuildFile; fileRef = 80E45B271E424D49003235B9 /* LaunchScreen.storyboard */; };
/* End PBXBuildFile section */

/* Begin PBXFileReference section */
		80E45B181E424D49003235B9 /* WebApiPractices.app */ = {isa = PBXFileReference; explicitFileType = wrapper.application; includeInIndex = 0; path = WebApiPractices.app; sourceTree = BUILT_PRODUCTS_DIR; };
		80E45B1B1E424D49003235B9 /* AppDelegate.swift */ = {isa = PBXFileReference; lastKnownFileType = sourcecode.swift; path = AppDelegate.swift; sourceTree = "<group>"; };
		80E45B1D1E424D49003235B9 /* ViewController.swift */ = {isa = PBXFileReference; lastKnownFileType = sourcecode.swift; path = ViewController.swift; sourceTree = "<group>"; };
		80E45B201E424D49003235B9 /* Base */ = {isa = PBXFileReference; lastKnownFileType = file.storyboard; name = Base; path = Base.lproj/Main.storyboard; sourceTree = "<group>"; };
		80E45B231E424D49003235B9 /* WebApiPractices.xcdatamodel */ = {isa = PBXFileReference; lastKnownFileType = wrapper.xcdatamodel; path = WebApiPractices.xcdatamodel; sourceTree = "<group>"; };
		80E45B251E424D49003235B9 /* Assets.xcassets */ = {isa = PBXFileReference; lastKnownFileType = folder.assetcatalog; path = Assets.xcassets; sourceTree = "<group>"; };
		80E45B281E424D49003235B9 /* Base */ = {isa = PBXFileReference; lastKnownFileType = file.storyboard; name = Base; path = Base.lproj/LaunchScreen.storyboard; sourceTree = "<group>"; };
		80E45B2A1E424D49003235B9 /* Info.plist */ = {isa = PBXFileReference; lastKnownFileType = text.plist.xml; path = Info.plist; sourceTree = "<group>"; };
/* End PBXFileReference section */

/* Begin PBXFrameworksBuildPhase section */
		80E45B151E424D49003235B9 /* Frameworks */ = {
			isa = PBXFrameworksBuildPhase;
			buildActionMask = 2147483647;
			files = (
			);
			runOnlyForDeploymentPostprocessing = 0;
		};
/* End PBXFrameworksBuildPhase section */

/* Begin PBXGroup section */
		80E45B0F1E424D49003235B9 = {
			isa = PBXGroup;
			children = (
				80E45B1A1E424D49003235B9 /* WebApiPractices */,
				80E45B191E424D49003235B9 /* Products */,
			);
			sourceTree = "<group>";
		};
		80E45B191E424D49003235B9 /* Products */ = {
			isa = PBXGroup;
			children = (
				80E45B181E424D49003235B9 /* WebApiPractices.app */,
			);
			name = Products;
			sourceTree = "<group>";
		};
		80E45B1A1E424D49003235B9 /* WebApiPractices */ = {
			isa = PBXGroup;
			children = (
				80E45B1B1E424D49003235B9 /* AppDelegate.swift */,
				80E45B1D1E424D49003235B9 /* ViewController.swift */,
				80E45B1F1E424D49003235B9 /* Main.storyboard */,
				80E45B251E424D49003235B9 /* Assets.xcassets */,
				80E45B271E424D49003235B9 /* LaunchScreen.storyboard */,
				80E45B2A1E424D49003235B9 /* Info.plist */,
				80E45B221E424D49003235B9 /* WebApiPractices.xcdatamodeld */,
			);
			path = WebApiPractices;
			sourceTree = "<group>";
		};
/* End PBXGroup section */

/* Begin PBXNativeTarget section */
		80E45B171E424D49003235B9 /* WebApiPractices */ = {
			isa = PBXNativeTarget;
			buildConfigurationList = 80E45B2D1E424D49003235B9 /* Build configuration list for PBXNativeTarget "WebApiPractices" */;
			buildPhases = (
				80E45B141E424D49003235B9 /* Sources */,
				80E45B151E424D49003235B9 /* Frameworks */,
				80E45B161E424D49003235B9 /* Resources */,
			);
			buildRules = (
			);
			dependencies = (
			);
			name = WebApiPractices;
			productName = WebApiPractices;
			productReference = 80E45B181E424D49003235B9 /* WebApiPractices.app */;
			productType = "com.apple.product-type.application";
		};
/* End PBXNativeTarget section */

/* Begin PBXProject section */
		80E45B101E424D49003235B9 /* Project object */ = {
			isa = PBXProject;
			attributes = {
				LastSwiftUpdateCheck = 0820;
				LastUpgradeCheck = 0820;
				ORGANIZATIONNAME = Arif;
				TargetAttributes = {
					80E45B171E424D49003235B9 = {
						CreatedOnToolsVersion = 8.2.1;
						ProvisioningStyle = Automatic;
					};
				};
			};
			buildConfigurationList = 80E45B131E424D49003235B9 /* Build configuration list for PBXProject "WebApiPractices" */;
			compatibilityVersion = "Xcode 3.2";
			developmentRegion = English;
			hasScannedForEncodings = 0;
			knownRegions = (
				en,
				Base,
			);
			mainGroup = 80E45B0F1E424D49003235B9;
			productRefGroup = 80E45B191E424D49003235B9 /* Products */;
			projectDirPath = "";
			projectRoot = "";
			targets = (
				80E45B171E424D49003235B9 /* WebApiPractices */,
			);
		};
/* End PBXProject section */

/* Begin PBXResourcesBuildPhase section */
		80E45B161E424D49003235B9 /* Resources */ = {
			isa = PBXResourcesBuildPhase;
			buildActionMask = 2147483647;
			files = (
				80E45B291E424D49003235B9 /* LaunchScreen.storyboard in Resources */,
				80E45B261E424D49003235B9 /* Assets.xcassets in Resources */,
				80E45B211E424D49003235B9 /* Main.storyboard in Resources */,
			);
			runOnlyForDeploymentPostprocessing = 0;
		};
/* End PBXResourcesBuildPhase section */

/* Begin PBXSourcesBuildPhase section */
		80E45B141E424D49003235B9 /* Sources */ = {
			isa = PBXSourcesBuildPhase;
			buildActionMask = 2147483647;
			files = (
				80E45B1E1E424D49003235B9 /* ViewController.swift in Sources */,
				80E45B1C1E424D49003235B9 /* AppDelegate.swift in Sources */,
				80E45B241E424D49003235B9 /* WebApiPractices.xcdatamodeld in Sources */,
			);
			runOnlyForDeploymentPostprocessing = 0;
		};
/* End PBXSourcesBuildPhase section */

/* Begin PBXVariantGroup section */
		80E45B1F1E424D49003235B9 /* Main.storyboard */ = {
			isa = PBXVariantGroup;
			children = (
				80E45B201E424D49003235B9 /* Base */,
			);
			name = Main.storyboard;
			sourceTree = "<group>";
		};
		80E45B271E424D49003235B9 /* LaunchScreen.storyboard */ = {
			isa = PBXVariantGroup;
			children = (
				80E45B281E424D49003235B9 /* Base */,
			);
			name = LaunchScreen.storyboard;
			sourceTree = "<group>";
		};
/* End PBXVariantGroup section */

/* Begin XCBuildConfiguration section */
		80E45B2B1E424D49003235B9 /* Debug */ = {
			isa = XCBuildConfiguration;
			buildSettings = {
				ALWAYS_SEARCH_USER_PATHS = NO;
				CLANG_ANALYZER_NONNULL = YES;
				CLANG_CXX_LANGUAGE_STANDARD = "gnu++0x";
				CLANG_CXX_LIBRARY = "libc++";
				CLANG_ENABLE_MODULES = YES;
				CLANG_ENABLE_OBJC_ARC = YES;
				CLANG_WARN_BOOL_CONVERSION = YES;
				CLANG_WARN_CONSTANT_CONVERSION = YES;
				CLANG_WARN_DIRECT_OBJC_ISA_USAGE = YES_ERROR;
				CLANG_WARN_DOCUMENTATION_COMMENTS = YES;
				CLANG_WARN_EMPTY_BODY = YES;
				CLANG_WARN_ENUM_CONVERSION = YES;
				CLANG_WARN_INFINITE_RECURSION = YES;
				CLANG_WARN_INT_CONVERSION = YES;
				CLANG_WARN_OBJC_ROOT_CLASS = YES_ERROR;
				CLANG_WARN_SUSPICIOUS_MOVE = YES;
				CLANG_WARN_UNREACHABLE_CODE = YES;
				CLANG_WARN__DUPLICATE_METHOD_MATCH = YES;
				"CODE_SIGN_IDENTITY[sdk=iphoneos*]" = "iPhone Developer";
				COPY_PHASE_STRIP = NO;
				DEBUG_INFORMATION_FORMAT = dwarf;
				ENABLE_STRICT_OBJC_MSGSEND = YES;
				ENABLE_TESTABILITY = YES;
				GCC_C_LANGUAGE_STANDARD = gnu99;
				GCC_DYNAMIC_NO_PIC = NO;
				GCC_NO_COMMON_BLOCKS = YES;
				GCC_OPTIMIZATION_LEVEL = 0;
				GCC_PREPROCESSOR_DEFINITIONS = (
					"DEBUG=1",
					"$(inherited)",
				);
				GCC_WARN_64_TO_32_BIT_CONVERSION = YES;
				GCC_WARN_ABOUT_RETURN_TYPE = YES_ERROR;
				GCC_WARN_UNDECLARED_SELECTOR = YES;
				GCC_WARN_UNINITIALIZED_AUTOS = YES_AGGRESSIVE;
				GCC_WARN_UNUSED_FUNCTION = YES;
				GCC_WARN_UNUSED_VARIABLE = YES;
				IPHONEOS_DEPLOYMENT_TARGET = 10.2;
				MTL_ENABLE_DEBUG_INFO = YES;
				ONLY_ACTIVE_ARCH = YES;
				SDKROOT = iphoneos;
				SWIFT_ACTIVE_COMPILATION_CONDITIONS = DEBUG;
				SWIFT_OPTIMIZATION_LEVEL = "-Onone";
				TARGETED_DEVICE_FAMILY = "1,2";
			};
			name = Debug;
		};
		80E45B2C1E424D49003235B9 /* Release */ = {
			isa = XCBuildConfiguration;
			buildSettings = {
				ALWAYS_SEARCH_USER_PATHS = NO;
				CLANG_ANALYZER_NONNULL = YES;
				CLANG_CXX_LANGUAGE_STANDARD = "gnu++0x";
				CLANG_CXX_LIBRARY = "libc++";
				CLANG_ENABLE_MODULES = YES;
				CLANG_ENABLE_OBJC_ARC = YES;
				CLANG_WARN_BOOL_CONVERSION = YES;
				CLANG_WARN_CONSTANT_CONVERSION = YES;
				CLANG_WARN_DIRECT_OBJC_ISA_USAGE = YES_ERROR;
				CLANG_WARN_DOCUMENTATION_COMMENTS = YES;
				CLANG_WARN_EMPTY_BODY = YES;
				CLANG_WARN_ENUM_CONVERSION = YES;
				CLANG_WARN_INFINITE_RECURSION = YES;
				CLANG_WARN_INT_CONVERSION = YES;
				CLANG_WARN_OBJC_ROOT_CLASS = YES_ERROR;
				CLANG_WARN_SUSPICIOUS_MOVE = YES;
				CLANG_WARN_UNREACHABLE_CODE = YES;
				CLANG_WARN__DUPLICATE_METHOD_MATCH = YES;
				"CODE_SIGN_IDENTITY[sdk=iphoneos*]" = "iPhone Developer";
				COPY_PHASE_STRIP = NO;
				DEBUG_INFORMATION_FORMAT = "dwarf-with-dsym";
				ENABLE_NS_ASSERTIONS = NO;
				ENABLE_STRICT_OBJC_MSGSEND = YES;
				GCC_C_LANGUAGE_STANDARD = gnu99;
				GCC_NO_COMMON_BLOCKS = YES;
				GCC_WARN_64_TO_32_BIT_CONVERSION = YES;
				GCC_WARN_ABOUT_RETURN_TYPE = YES_ERROR;
				GCC_WARN_UNDECLARED_SELECTOR = YES;
				GCC_WARN_UNINITIALIZED_AUTOS = YES_AGGRESSIVE;
				GCC_WARN_UNUSED_FUNCTION = YES;
				GCC_WARN_UNUSED_VARIABLE = YES;
				IPHONEOS_DEPLOYMENT_TARGET = 10.2;
				MTL_ENABLE_DEBUG_INFO = NO;
				SDKROOT = iphoneos;
				SWIFT_OPTIMIZATION_LEVEL = "-Owholemodule";
				TARGETED_DEVICE_FAMILY = "1,2";
				VALIDATE_PRODUCT = YES;
			};
			name = Release;
		};
		80E45B2E1E424D49003235B9 /* Debug */ = {
			isa = XCBuildConfiguration;
			buildSettings = {
				ASSETCATALOG_COMPILER_APPICON_NAME = AppIcon;
				INFOPLIST_FILE = WebApiPractices/Info.plist;
				LD_RUNPATH_SEARCH_PATHS = "$(inherited) @executable_path/Frameworks";
				PRODUCT_BUNDLE_IDENTIFIER = com.arif.hasnat.WebApiPractices;
				PRODUCT_NAME = "$(TARGET_NAME)";
				SWIFT_VERSION = 3.0;
			};
			name = Debug;
		};
		80E45B2F1E424D49003235B9 /* Release */ = {
			isa = XCBuildConfiguration;
			buildSettings = {
				ASSETCATALOG_COMPILER_APPICON_NAME = AppIcon;
				INFOPLIST_FILE = WebApiPractices/Info.plist;
				LD_RUNPATH_SEARCH_PATHS = "$(inherited) @executable_path/Frameworks";
				PRODUCT_BUNDLE_IDENTIFIER = com.arif.hasnat.WebApiPractices;
				PRODUCT_NAME = "$(TARGET_NAME)";
				SWIFT_VERSION = 3.0;
			};
			name = Release;
		};
/* End XCBuildConfiguration section */

/* Begin XCConfigurationList section */
		80E45B131E424D49003235B9 /* Build configuration list for PBXProject "WebApiPractices" */ = {
			isa = XCConfigurationList;
			buildConfigurations = (
				80E45B2B1E424D49003235B9 /* Debug */,
				80E45B2C1E424D49003235B9 /* Release */,
			);
			defaultConfigurationIsVisible = 0;
			defaultConfigurationName = Release;
		};
		80E45B2D1E424D49003235B9 /* Build configuration list for PBXNativeTarget "WebApiPractices" */ = {
			isa = XCConfigurationList;
			buildConfigurations = (
				80E45B2E1E424D49003235B9 /* Debug */,
				80E45B2F1E424D49003235B9 /* Release */,
			);
			defaultConfigurationIsVisible = 0;
		};
/* End XCConfigurationList section */

/* Begin XCVersionGroup section */
		80E45B221E424D49003235B9 /* WebApiPractices.xcdatamodeld */ = {
			isa = XCVersionGroup;
			children = (
				80E45B231E424D49003235B9 /* WebApiPractices.xcdatamodel */,
			);
			currentVersion = 80E45B231E424D49003235B9 /* WebApiPractices.xcdatamodel */;
			path = WebApiPractices.xcdatamodeld;
			sourceTree = "<group>";
			versionGroupType = wrapper.xcdatamodel;
		};
/* End XCVersionGroup section */
	};
	rootObject = 80E45B101E424D49003235B9 /* Project object */;
}
